
Microsoft Visual Studio Solution File, Format Version 12.00
# Visual Studio Version 17
VisualStudioVersion = 17.12.35506.116
MinimumVisualStudioVersion = 10.0.40219.1
Project("{FAE04EC0-301F-11D3-BF4B-00C04F79EFBC}") = "ManageTask.Application", "ManageTask.Application\ManageTask.Application.csproj", "{9449661C-610F-43DA-BCD7-EFABD01B6148}"
EndProject
Project("{FAE04EC0-301F-11D3-BF4B-00C04F79EFBC}") = "ManageTask.Domain", "ManageTask.Domain\ManageTask.Domain.csproj", "{2923AE19-DFBD-4F85-BFD6-8E5F9650196A}"
EndProject
Project("{FAE04EC0-301F-11D3-BF4B-00C04F79EFBC}") = "ManageTask.Infrastructure", "ManageTask.Infrastructure\ManageTask.Infrastructure.csproj", "{587281E5-1EE0-476B-B6D4-2C7B6EAE2867}"
EndProject
Project("{FAE04EC0-301F-11D3-BF4B-00C04F79EFBC}") = "ManageTask.Common", "ManageTask.Common\ManageTask.Common.csproj", "{D944A03A-9F02-4669-ABF8-4E8D37A57375}"
EndProject
Project("{FAE04EC0-301F-11D3-BF4B-00C04F79EFBC}") = "ManageTask.Contracts", "ManageTask.Contracts\ManageTask.Contracts.csproj", "{B283EBEB-AECB-4AE6-88D1-92D46962F923}"
EndProject
Project("{FAE04EC0-301F-11D3-BF4B-00C04F79EFBC}") = "ManageTask.API", "..\ManageTask.API\ManageTask.API.csproj", "{955003FE-9C63-4AC5-9040-283E8D7C3A45}"
EndProject
Global
	GlobalSection(SolutionConfigurationPlatforms) = preSolution
		Debug|Any CPU = Debug|Any CPU
		Release|Any CPU = Release|Any CPU
	EndGlobalSection
	GlobalSection(ProjectConfigurationPlatforms) = postSolution
		{9449661C-610F-43DA-BCD7-EFABD01B6148}.Debug|Any CPU.ActiveCfg = Debug|Any CPU
		{9449661C-610F-43DA-BCD7-EFABD01B6148}.Debug|Any CPU.Build.0 = Debug|Any CPU
		{9449661C-610F-43DA-BCD7-EFABD01B6148}.Release|Any CPU.ActiveCfg = Release|Any CPU
		{9449661C-610F-43DA-BCD7-EFABD01B6148}.Release|Any CPU.Build.0 = Release|Any CPU
		{2923AE19-DFBD-4F85-BFD6-8E5F9650196A}.Debug|Any CPU.ActiveCfg = Debug|Any CPU
		{2923AE19-DFBD-4F85-BFD6-8E5F9650196A}.Debug|Any CPU.Build.0 = Debug|Any CPU
		{2923AE19-DFBD-4F85-BFD6-8E5F9650196A}.Release|Any CPU.ActiveCfg = Release|Any CPU
		{2923AE19-DFBD-4F85-BFD6-8E5F9650196A}.Release|Any CPU.Build.0 = Release|Any CPU
		{587281E5-1EE0-476B-B6D4-2C7B6EAE2867}.Debug|Any CPU.ActiveCfg = Debug|Any CPU
		{587281E5-1EE0-476B-B6D4-2C7B6EAE2867}.Debug|Any CPU.Build.0 = Debug|Any CPU
		{587281E5-1EE0-476B-B6D4-2C7B6EAE2867}.Release|Any CPU.ActiveCfg = Release|Any CPU
		{587281E5-1EE0-476B-B6D4-2C7B6EAE2867}.Release|Any CPU.Build.0 = Release|Any CPU
		{D944A03A-9F02-4669-ABF8-4E8D37A57375}.Debug|Any CPU.ActiveCfg = Debug|Any CPU
		{D944A03A-9F02-4669-ABF8-4E8D37A57375}.Debug|Any CPU.Build.0 = Debug|Any CPU
		{D944A03A-9F02-4669-ABF8-4E8D37A57375}.Release|Any CPU.ActiveCfg = Release|Any CPU
		{D944A03A-9F02-4669-ABF8-4E8D37A57375}.Release|Any CPU.Build.0 = Release|Any CPU
		{B283EBEB-AECB-4AE6-88D1-92D46962F923}.Debug|Any CPU.ActiveCfg = Debug|Any CPU
		{B283EBEB-AECB-4AE6-88D1-92D46962F923}.Debug|Any CPU.Build.0 = Debug|Any CPU
		{B283EBEB-AECB-4AE6-88D1-92D46962F923}.Release|Any CPU.ActiveCfg = Release|Any CPU
		{B283EBEB-AECB-4AE6-88D1-92D46962F923}.Release|Any CPU.Build.0 = Release|Any CPU
		{955003FE-9C63-4AC5-9040-283E8D7C3A45}.Debug|Any CPU.ActiveCfg = Debug|Any CPU
		{955003FE-9C63-4AC5-9040-283E8D7C3A45}.Debug|Any CPU.Build.0 = Debug|Any CPU
		{955003FE-9C63-4AC5-9040-283E8D7C3A45}.Release|Any CPU.ActiveCfg = Release|Any CPU
		{955003FE-9C63-4AC5-9040-283E8D7C3A45}.Release|Any CPU.Build.0 = Release|Any CPU
	EndGlobalSection
	GlobalSection(SolutionProperties) = preSolution
		HideSolutionNode = FALSE
	EndGlobalSection
EndGlobal
